
Microsoft Visual Studio Solution File, Format Version 12.00
# Visual Studio Version 16
VisualStudioVersion = 16.0.31005.135
MinimumVisualStudioVersion = 10.0.40219.1
Project("{FAE04EC0-301F-11D3-BF4B-00C04F79EFBC}") = "TimeSheetParser", "TimeSheetParser.csproj", "{F66A10F2-9348-4B41-AA57-BD04C99B1232}"
EndProject
Global
	GlobalSection(SolutionConfigurationPlatforms) = preSolution
		Debug|Any CPU = Debug|Any CPU
		Release|Any CPU = Release|Any CPU
	EndGlobalSection
	GlobalSection(ProjectConfigurationPlatforms) = postSolution
		{F66A10F2-9348-4B41-AA57-BD04C99B1232}.Debug|Any CPU.ActiveCfg = Debug|Any CPU
		{F66A10F2-9348-4B41-AA57-BD04C99B1232}.Debug|Any CPU.Build.0 = Debug|Any CPU
		{F66A10F2-9348-4B41-AA57-BD04C99B1232}.Release|Any CPU.ActiveCfg = Release|Any CPU
		{F66A10F2-9348-4B41-AA57-BD04C99B1232}.Release|Any CPU.Build.0 = Release|Any CPU
	EndGlobalSection
	GlobalSection(SolutionProperties) = preSolution
		HideSolutionNode = FALSE
	EndGlobalSection
	GlobalSection(ExtensibilityGlobals) = postSolution
		SolutionGuid = {ADF974B8-A17C-4331-A80D-9C4D14515C98}
	EndGlobalSection
EndGlobal
